<?xml version="1.0" encoding="utf-8"?>
<Project ToolsVersion="4.0" xmlns="http://schemas.microsoft.com/developer/msbuild/2003">
  <ItemGroup>
    <Filter Include="Source Files">
      <UniqueIdentifier>{4FC737F1-C7A5-4376-A066-2A32D752A2FF}</UniqueIdentifier>
      <Extensions>cpp;c;cc;cxx;def;odl;idl;hpj;bat;asm;asmx</Extensions>
    </Filter>
    <Filter Include="Header Files">
      <UniqueIdentifier>{93995380-89BD-4b04-88EB-625FBE52EBFB}</UniqueIdentifier>
      <Extensions>h;hh;hpp;hxx;hm;inl;inc;ipp;xsd</Extensions>
    </Filter>
    <Filter Include="Resource Files">
      <UniqueIdentifier>{67DA6AB6-F800-4c08-8B7A-83BB121AAD01}</UniqueIdentifier>
      <Extensions>rc;ico;cur;bmp;dlg;rc2;rct;bin;rgs;gif;jpg;jpeg;jpe;resx;tiff;tif;png;wav;mfcribbon-ms</Extensions>
    </Filter>
  </ItemGroup>
  <ItemGroup>
    <ClCompile Include="main.cpp">
      <Filter>Source Files</Filter>
    </ClCompile>
    <ClCompile Include="CameraObj.cpp">
      <Filter>Source Files</Filter>
    </ClCompile>
    <ClCompile Include="GlobalVariables.cpp">
      <Filter>Source Files</Filter>
    </ClCompile>
    <ClCompile Include="Dependencies\IMGUI\imgui.cpp">
      <Filter>Source Files</Filter>
    </ClCompile>
    <ClCompile Include="Dependencies\IMGUI\imgui_demo.cpp">
      <Filter>Source Files</Filter>
    </ClCompile>
    <ClCompile Include="Dependencies\IMGUI\imgui_draw.cpp">
      <Filter>Source Files</Filter>
    </ClCompile>
    <ClCompile Include="Dependencies\IMGUI\imgui_impl_glfw.cpp">
      <Filter>Source Files</Filter>
    </ClCompile>
    <ClCompile Include="Dependencies\IMGUI\imgui_widgets.cpp">
      <Filter>Source Files</Filter>
    </ClCompile>
    <ClCompile Include="Dependencies\IMGUI\imgui_impl_opengl2.cpp">
      <Filter>Source Files</Filter>
    </ClCompile>
    <ClCompile Include="Dependencies\IMGUI\imgui_impl_opengl3.cpp">
      <Filter>Source Files</Filter>
    </ClCompile>
    <ClCompile Include="Shader.cpp">
      <Filter>Source Files</Filter>
    </ClCompile>
    <ClCompile Include="VertexData.cpp">
      <Filter>Source Files</Filter>
    </ClCompile>
    <ClCompile Include="FaceData.cpp">
      <Filter>Source Files</Filter>
    </ClCompile>
    <ClCompile Include="GameObject.cpp">
      <Filter>Source Files</Filter>
    </ClCompile>
    <ClCompile Include="ModelImportor.cpp">
      <Filter>Source Files</Filter>
    </ClCompile>
    <ClCompile Include="ObjVTNPair.cpp">
      <Filter>Source Files</Filter>
    </ClCompile>
    <ClCompile Include="TextureRepository.cpp">
      <Filter>Source Files</Filter>
    </ClCompile>
    <ClCompile Include="Texture.cpp">
      <Filter>Source Files</Filter>
    </ClCompile>
    <ClCompile Include="ModelRepository.cpp">
      <Filter>Source Files</Filter>
    </ClCompile>
    <ClCompile Include="Vector3.cpp">
      <Filter>Source Files</Filter>
    </ClCompile>
    <ClCompile Include="Light.cpp">
      <Filter>Source Files</Filter>
    </ClCompile>
    <ClCompile Include="TextureViewQuad.cpp">
      <Filter>Source Files</Filter>
    </ClCompile>
    <ClCompile Include="DebugFunctions.cpp">
      <Filter>Source Files</Filter>
    </ClCompile>
    <ClCompile Include="ResolutionProperties.cpp">
      <Filter>Source Files</Filter>
    </ClCompile>
    <ClCompile Include="ComputeShaderRP2.cpp">
      <Filter>Source Files</Filter>
    </ClCompile>
    <ClCompile Include="TextureImportor.cpp">
      <Filter>Source Files</Filter>
    </ClCompile>
  </ItemGroup>
  <ItemGroup>
    <ClInclude Include="CameraObj.h">
      <Filter>Header Files</Filter>
    </ClInclude>
    <ClInclude Include="GlobalVariables.h">
      <Filter>Header Files</Filter>
    </ClInclude>
    <ClInclude Include="Dependencies\IMGUI\imconfig.h">
      <Filter>Header Files</Filter>
    </ClInclude>
    <ClInclude Include="Dependencies\IMGUI\imgui.h">
      <Filter>Header Files</Filter>
    </ClInclude>
    <ClInclude Include="Dependencies\IMGUI\imgui_impl_glfw.h">
      <Filter>Header Files</Filter>
    </ClInclude>
    <ClInclude Include="Dependencies\IMGUI\imgui_internal.h">
      <Filter>Header Files</Filter>
    </ClInclude>
    <ClInclude Include="Dependencies\IMGUI\imstb_rectpack.h">
      <Filter>Header Files</Filter>
    </ClInclude>
    <ClInclude Include="Dependencies\IMGUI\imstb_textedit.h">
      <Filter>Header Files</Filter>
    </ClInclude>
    <ClInclude Include="Dependencies\IMGUI\imstb_truetype.h">
      <Filter>Header Files</Filter>
    </ClInclude>
    <ClInclude Include="Dependencies\IMGUI\imgui_impl_opengl2.h">
      <Filter>Header Files</Filter>
    </ClInclude>
    <ClInclude Include="Dependencies\IMGUI\serializer\core.h">
      <Filter>Header Files</Filter>
    </ClInclude>
    <ClInclude Include="Dependencies\IMGUI\serializer\opengl.h">
      <Filter>Header Files</Filter>
    </ClInclude>
    <ClInclude Include="Dependencies\IMGUI\serializer\sparse.h">
      <Filter>Header Files</Filter>
    </ClInclude>
    <ClInclude Include="Dependencies\IMGUI\button.h">
      <Filter>Header Files</Filter>
    </ClInclude>
    <ClInclude Include="Dependencies\IMGUI\checkbox.h">
      <Filter>Header Files</Filter>
    </ClInclude>
    <ClInclude Include="Dependencies\IMGUI\colorpicker.h">
      <Filter>Header Files</Filter>
    </ClInclude>
    <ClInclude Include="Dependencies\IMGUI\colorwheel.h">
      <Filter>Header Files</Filter>
    </ClInclude>
    <ClInclude Include="Dependencies\IMGUI\combobox.h">
      <Filter>Header Files</Filter>
    </ClInclude>
    <ClInclude Include="Dependencies\IMGUI\common.h">
      <Filter>Header Files</Filter>
    </ClInclude>
    <ClInclude Include="Dependencies\IMGUI\entypo.h">
      <Filter>Header Files</Filter>
    </ClInclude>
    <ClInclude Include="Dependencies\IMGUI\formhelper.h">
      <Filter>Header Files</Filter>
    </ClInclude>
    <ClInclude Include="Dependencies\IMGUI\glcanvas.h">
      <Filter>Header Files</Filter>
    </ClInclude>
    <ClInclude Include="Dependencies\IMGUI\glutil.h">
      <Filter>Header Files</Filter>
    </ClInclude>
    <ClInclude Include="Dependencies\IMGUI\graph.h">
      <Filter>Header Files</Filter>
    </ClInclude>
    <ClInclude Include="Dependencies\IMGUI\imagepanel.h">
      <Filter>Header Files</Filter>
    </ClInclude>
    <ClInclude Include="Dependencies\IMGUI\imageview.h">
      <Filter>Header Files</Filter>
    </ClInclude>
    <ClInclude Include="Dependencies\IMGUI\label.h">
      <Filter>Header Files</Filter>
    </ClInclude>
    <ClInclude Include="Dependencies\IMGUI\layout.h">
      <Filter>Header Files</Filter>
    </ClInclude>
    <ClInclude Include="Dependencies\IMGUI\messagedialog.h">
      <Filter>Header Files</Filter>
    </ClInclude>
    <ClInclude Include="Dependencies\IMGUI\nanogui.h">
      <Filter>Header Files</Filter>
    </ClInclude>
    <ClInclude Include="Dependencies\IMGUI\object.h">
      <Filter>Header Files</Filter>
    </ClInclude>
    <ClInclude Include="Dependencies\IMGUI\opengl.h">
      <Filter>Header Files</Filter>
    </ClInclude>
    <ClInclude Include="Dependencies\IMGUI\popup.h">
      <Filter>Header Files</Filter>
    </ClInclude>
    <ClInclude Include="Dependencies\IMGUI\popupbutton.h">
      <Filter>Header Files</Filter>
    </ClInclude>
    <ClInclude Include="Dependencies\IMGUI\progressbar.h">
      <Filter>Header Files</Filter>
    </ClInclude>
    <ClInclude Include="Dependencies\IMGUI\python.h">
      <Filter>Header Files</Filter>
    </ClInclude>
    <ClInclude Include="Dependencies\IMGUI\screen.h">
      <Filter>Header Files</Filter>
    </ClInclude>
    <ClInclude Include="Dependencies\IMGUI\slider.h">
      <Filter>Header Files</Filter>
    </ClInclude>
    <ClInclude Include="Dependencies\IMGUI\stackedwidget.h">
      <Filter>Header Files</Filter>
    </ClInclude>
    <ClInclude Include="Dependencies\IMGUI\tabheader.h">
      <Filter>Header Files</Filter>
    </ClInclude>
    <ClInclude Include="Dependencies\IMGUI\tabwidget.h">
      <Filter>Header Files</Filter>
    </ClInclude>
    <ClInclude Include="Dependencies\IMGUI\textbox.h">
      <Filter>Header Files</Filter>
    </ClInclude>
    <ClInclude Include="Dependencies\IMGUI\theme.h">
      <Filter>Header Files</Filter>
    </ClInclude>
    <ClInclude Include="Dependencies\IMGUI\toolbutton.h">
      <Filter>Header Files</Filter>
    </ClInclude>
    <ClInclude Include="Dependencies\IMGUI\vscrollpanel.h">
      <Filter>Header Files</Filter>
    </ClInclude>
    <ClInclude Include="Dependencies\IMGUI\widget.h">
      <Filter>Header Files</Filter>
    </ClInclude>
    <ClInclude Include="Dependencies\IMGUI\window.h">
      <Filter>Header Files</Filter>
    </ClInclude>
    <ClInclude Include="Dependencies\IMGUI\imgui_impl_opengl3.h">
      <Filter>Header Files</Filter>
    </ClInclude>
    <ClInclude Include="Shader.h">
      <Filter>Header Files</Filter>
    </ClInclude>
    <ClInclude Include="VertexData.h">
      <Filter>Header Files</Filter>
    </ClInclude>
    <ClInclude Include="FaceData.h">
      <Filter>Header Files</Filter>
    </ClInclude>
    <ClInclude Include="GameObject.h">
      <Filter>Header Files</Filter>
    </ClInclude>
    <ClInclude Include="ModelImportor.h">
      <Filter>Header Files</Filter>
    </ClInclude>
    <ClInclude Include="ObjVTNPair.h">
      <Filter>Header Files</Filter>
    </ClInclude>
    <ClInclude Include="TextureRepository.h">
      <Filter>Header Files</Filter>
    </ClInclude>
    <ClInclude Include="Texture.h">
      <Filter>Header Files</Filter>
    </ClInclude>
    <ClInclude Include="ModelRepository.h">
      <Filter>Header Files</Filter>
    </ClInclude>
    <ClInclude Include="Vector3.h">
      <Filter>Header Files</Filter>
    </ClInclude>
    <ClInclude Include="Light.h">
      <Filter>Header Files</Filter>
    </ClInclude>
    <ClInclude Include="TextureViewQuad.h">
      <Filter>Header Files</Filter>
    </ClInclude>
    <ClInclude Include="DebugFunctions.h">
      <Filter>Header Files</Filter>
    </ClInclude>
    <ClInclude Include="ResolutionProperties.h">
      <Filter>Header Files</Filter>
    </ClInclude>
    <ClInclude Include="ComputeShaderRP2.h">
      <Filter>Header Files</Filter>
    </ClInclude>
    <ClInclude Include="TextureImportor.h">
      <Filter>Header Files</Filter>
    </ClInclude>
  </ItemGroup>
  <ItemGroup>
    <None Include="imgui.ini" />
    <None Include="SkyBox\negx.ppm" />
    <None Include="SkyBox\negy.ppm" />
    <None Include="SkyBox\negz.ppm" />
    <None Include="SkyBox\posx.ppm" />
    <None Include="SkyBox\posy.ppm" />
    <None Include="SkyBox\posz.ppm" />
  </ItemGroup>
  <ItemGroup>
    <Text Include="Shaders\ClothShaderFrag.txt" />
    <Text Include="Shaders\ClothShaderVertex.txt" />
    <Text Include="Shaders\LightVertex.txt" />
    <Text Include="Shaders\LightFragment.txt" />
    <Text Include="Shaders\TextureViewQuadFragment.txt" />
    <Text Include="Shaders\TextureViewQuadVertex.txt" />
    <Text Include="Shaders\RP1_Vertex.txt" />
    <Text Include="Shaders\RP1_Fragment.txt" />
    <Text Include="Shaders\ComputeShaders\ComputeShading.txt" />
    <Text Include="Shaders\RP3_Fragment.txt" />
    <Text Include="Shaders\RP3_Vertex.txt" />
  </ItemGroup>
</Project>